
Microsoft Visual Studio Solution File, Format Version 12.00
# Visual Studio Version 16
VisualStudioVersion = 16.0.31129.286
MinimumVisualStudioVersion = 10.0.40219.1
Project("{FAE04EC0-301F-11D3-BF4B-00C04F79EFBC}") = "TestPointer", "TestPointer\TestPointer.csproj", "{1A8CA2B9-FE63-4FA3-9571-524070828A22}"
EndProject
Global
	GlobalSection(SolutionConfigurationPlatforms) = preSolution
		Debug|Any CPU = Debug|Any CPU
		Release|Any CPU = Release|Any CPU
	EndGlobalSection
	GlobalSection(ProjectConfigurationPlatforms) = postSolution
		{1A8CA2B9-FE63-4FA3-9571-524070828A22}.Debug|Any CPU.ActiveCfg = Debug|Any CPU
		{1A8CA2B9-FE63-4FA3-9571-524070828A22}.Debug|Any CPU.Build.0 = Debug|Any CPU
		{1A8CA2B9-FE63-4FA3-9571-524070828A22}.Release|Any CPU.ActiveCfg = Release|Any CPU
		{1A8CA2B9-FE63-4FA3-9571-524070828A22}.Release|Any CPU.Build.0 = Release|Any CPU
	EndGlobalSection
	GlobalSection(SolutionProperties) = preSolution
		HideSolutionNode = FALSE
	EndGlobalSection
	GlobalSection(ExtensibilityGlobals) = postSolution
		SolutionGuid = {AE27D983-D0E0-4FBD-B8A2-DE884286F620}
	EndGlobalSection
EndGlobal
